# This file is @generated by PDM.
# It is not intended for manual editing.

[metadata]
groups = ["default"]
strategy = ["inherit_metadata"]
lock_version = "4.5.0"
content_hash = "sha256:170ddd9ed30c70c5b3e66fa218293cfe4118d2b9b538ceb87561bc31f72a753a"

[[metadata.targets]]
requires_python = ">=3.12"

[[package]]
name = "obstore"
version = "0.6.0"
requires_python = ">=3.9"
summary = "The simplest, highest-throughput interface to Amazon S3, Google Cloud Storage, Azure Blob Storage, and S3-compliant APIs like Cloudflare R2."
groups = ["default"]
dependencies = [
    "typing-extensions; python_full_version < \"3.12\"",
]
files = [
    {file = "obstore-0.6.0-cp312-cp312-macosx_10_12_x86_64.whl", hash = "sha256:df26abb21acb61eb3d62731c4b0dd5f89e84ec71de2463cb6b357cd60fdeca11"},
    {file = "obstore-0.6.0-cp312-cp312-macosx_11_0_arm64.whl", hash = "sha256:a92549e6e3f56733125d789cac65ef1e9c27b15262fd73e354636f6b1d9ea9a0"},
    {file = "obstore-0.6.0-cp312-cp312-manylinux_2_17_armv7l.manylinux2014_armv7l.whl", hash = "sha256:65db8c3bee4884593629e9287028f106a7690ed88bd11b60eb892574414b6b96"},
    {file = "obstore-0.6.0-cp312-cp312-manylinux_2_17_i686.manylinux2014_i686.whl", hash = "sha256:0b2adaadd1f80aaadfb93ceaa713f890aeb4fe95f07343055eb7da70aaeff259"},
    {file = "obstore-0.6.0-cp312-cp312-manylinux_2_17_ppc64le.manylinux2014_ppc64le.whl", hash = "sha256:aa0ae7b848b161f03d91c081724a3b5f2560411d3b7abbffcab76bc59ef1c265"},
    {file = "obstore-0.6.0-cp312-cp312-manylinux_2_17_s390x.manylinux2014_s390x.whl", hash = "sha256:b9c093a2bced27ab9bf190faa4703a4993506e3a18393d57a9f77b9fdc19d481"},
    {file = "obstore-0.6.0-cp312-cp312-manylinux_2_17_x86_64.manylinux2014_x86_64.whl", hash = "sha256:bbef509f49a7443f6acddb7313aee8ce6983d9ed189d012df0d3c07a4f45ac70"},
    {file = "obstore-0.6.0-cp312-cp312-manylinux_2_24_aarch64.whl", hash = "sha256:18cedb9adaceed5f9bcc75f1ec4da9f8753c6eed716775bb0235f036aba6315c"},
    {file = "obstore-0.6.0-cp312-cp312-musllinux_1_2_aarch64.whl", hash = "sha256:1c10e9db12195b00c96d0f5845a78d8bb9e0f4646d446a0d31da73e64f787034"},
    {file = "obstore-0.6.0-cp312-cp312-musllinux_1_2_armv7l.whl", hash = "sha256:2b02b4e939b9095783a5582a947ed07687d1b3acc31b154d8e9a9ee40b4ef6fd"},
    {file = "obstore-0.6.0-cp312-cp312-musllinux_1_2_i686.whl", hash = "sha256:c67007c226c6c0e9f3376c087c330ab76510ad11d365939d3039b32954e78cd9"},
    {file = "obstore-0.6.0-cp312-cp312-musllinux_1_2_x86_64.whl", hash = "sha256:d8ce9eaaacaa262c57255fd452ecfab311c6e5783632d4dd749dfb3f19b282d0"},
    {file = "obstore-0.6.0-cp312-cp312-win_amd64.whl", hash = "sha256:e97e8d03d2010979a2d773363009826bd6aea3e41cd03ed4a23d91ffd6cf861b"},
    {file = "obstore-0.6.0-cp313-cp313-macosx_10_12_x86_64.whl", hash = "sha256:49a2a8eb340a9f1d827ed16000e1f16775166e2291646c6d339dd5549461b4f5"},
    {file = "obstore-0.6.0-cp313-cp313-macosx_11_0_arm64.whl", hash = "sha256:127853549da668ab89ee8d7ccb4e671faf7781e879d05deb8ca635a5ca12d929"},
    {file = "obstore-0.6.0-cp313-cp313-manylinux_2_17_armv7l.manylinux2014_armv7l.whl", hash = "sha256:52080174fc48e4b1ba8860b6a2b0d7937d903b133e42c3a3784adc744ffce9ad"},
    {file = "obstore-0.6.0-cp313-cp313-manylinux_2_17_i686.manylinux2014_i686.whl", hash = "sha256:ea887fb0d995e500db7398288684f7fd08088f204e376afb6c9b57b0e2037f7c"},
    {file = "obstore-0.6.0-cp313-cp313-manylinux_2_17_ppc64le.manylinux2014_ppc64le.whl", hash = "sha256:bfba02d8259d4415cddfa7091b0a4f964678f54b17752374b416995c2354a8bb"},
    {file = "obstore-0.6.0-cp313-cp313-manylinux_2_17_s390x.manylinux2014_s390x.whl", hash = "sha256:fc2864ef21b157f9c543b2cfb3bd77b2734adfeb91b3b2875604a2f1bb51af35"},
    {file = "obstore-0.6.0-cp313-cp313-manylinux_2_17_x86_64.manylinux2014_x86_64.whl", hash = "sha256:adf294b232927697297d7142649444e8ed74284b8d6a8b4bbba1d4b5ed726854"},
    {file = "obstore-0.6.0-cp313-cp313-manylinux_2_24_aarch64.whl", hash = "sha256:044d4b125a5cd63fd3fe8772d7ada7dc19b61b5763ec3d7f757a77425cab80bb"},
    {file = "obstore-0.6.0-cp313-cp313-musllinux_1_2_aarch64.whl", hash = "sha256:fead1c226d8c4dfcaaec8441d9cf713cd46ce774561a7f12f512c60cbb319ccf"},
    {file = "obstore-0.6.0-cp313-cp313-musllinux_1_2_armv7l.whl", hash = "sha256:6bd2f93287240d6812abcfb65207b81e6fd53e1aa641d4aa638053a2e34d991d"},
    {file = "obstore-0.6.0-cp313-cp313-musllinux_1_2_i686.whl", hash = "sha256:8d6f7d607599ff9e019433736b940497f320f5cac0956a1ff360b15deed8af1f"},
    {file = "obstore-0.6.0-cp313-cp313-musllinux_1_2_x86_64.whl", hash = "sha256:40e659ed0b1b4db447dd41b1b47f06f7ca2df1df119200ce815f7aa64616d083"},
    {file = "obstore-0.6.0-cp313-cp313-win_amd64.whl", hash = "sha256:bec5e38903ea6e8f24a327c07db45b3d3ce8979a98170e6097636bb5dfc07f75"},
]
